
Microsoft Visual Studio Solution File, Format Version 12.00
# Visual Studio 2015
Project("{FAE04EC0-301F-11D3-BF4B-00C04F79EFBC}") = "Memories.Plugins", "Memories.Plugins.csproj", "{CBE5FA61-EB2E-AA3A-152F-FD55D1108108}"
EndProject
Project("{FAE04EC0-301F-11D3-BF4B-00C04F79EFBC}") = "Memories", "Memories.csproj", "{C165D8F3-681A-BED5-73AE-192168FFF3D1}"
EndProject
Project("{FAE04EC0-301F-11D3-BF4B-00C04F79EFBC}") = "Memories.Editor.Plugins", "Memories.Editor.Plugins.csproj", "{9D5279E3-F5A5-7D38-32BF-16FE52728CC2}"
EndProject
Project("{FAE04EC0-301F-11D3-BF4B-00C04F79EFBC}") = "Memories.Editor", "Memories.Editor.csproj", "{7DEF328B-E5B0-14A7-EAB0-9696A5CED8AB}"
EndProject
Global
	GlobalSection(SolutionConfigurationPlatforms) = preSolution
		Debug|Any CPU = Debug|Any CPU
		Release|Any CPU = Release|Any CPU
	EndGlobalSection
	GlobalSection(ProjectConfigurationPlatforms) = postSolution
		{CBE5FA61-EB2E-AA3A-152F-FD55D1108108}.Debug|Any CPU.ActiveCfg = Debug|Any CPU
		{CBE5FA61-EB2E-AA3A-152F-FD55D1108108}.Debug|Any CPU.Build.0 = Debug|Any CPU
		{CBE5FA61-EB2E-AA3A-152F-FD55D1108108}.Release|Any CPU.ActiveCfg = Release|Any CPU
		{CBE5FA61-EB2E-AA3A-152F-FD55D1108108}.Release|Any CPU.Build.0 = Release|Any CPU
		{C165D8F3-681A-BED5-73AE-192168FFF3D1}.Debug|Any CPU.ActiveCfg = Debug|Any CPU
		{C165D8F3-681A-BED5-73AE-192168FFF3D1}.Debug|Any CPU.Build.0 = Debug|Any CPU
		{C165D8F3-681A-BED5-73AE-192168FFF3D1}.Release|Any CPU.ActiveCfg = Release|Any CPU
		{C165D8F3-681A-BED5-73AE-192168FFF3D1}.Release|Any CPU.Build.0 = Release|Any CPU
		{9D5279E3-F5A5-7D38-32BF-16FE52728CC2}.Debug|Any CPU.ActiveCfg = Debug|Any CPU
		{9D5279E3-F5A5-7D38-32BF-16FE52728CC2}.Debug|Any CPU.Build.0 = Debug|Any CPU
		{9D5279E3-F5A5-7D38-32BF-16FE52728CC2}.Release|Any CPU.ActiveCfg = Release|Any CPU
		{9D5279E3-F5A5-7D38-32BF-16FE52728CC2}.Release|Any CPU.Build.0 = Release|Any CPU
		{7DEF328B-E5B0-14A7-EAB0-9696A5CED8AB}.Debug|Any CPU.ActiveCfg = Debug|Any CPU
		{7DEF328B-E5B0-14A7-EAB0-9696A5CED8AB}.Debug|Any CPU.Build.0 = Debug|Any CPU
		{7DEF328B-E5B0-14A7-EAB0-9696A5CED8AB}.Release|Any CPU.ActiveCfg = Release|Any CPU
		{7DEF328B-E5B0-14A7-EAB0-9696A5CED8AB}.Release|Any CPU.Build.0 = Release|Any CPU
	EndGlobalSection
	GlobalSection(SolutionProperties) = preSolution
		HideSolutionNode = FALSE
	EndGlobalSection
EndGlobal
